
Microsoft Visual Studio Solution File, Format Version 12.00
# Visual Studio 2013
VisualStudioVersion = 12.0.31101.0
MinimumVisualStudioVersion = 10.0.40219.1
Project("{F184B08F-C81C-45F6-A57F-5ABD9991F28F}") = "EXTA", "EXTA\EXTA.vbproj", "{D009F710-5D2C-48C0-AA2D-326C14E35B28}"
	ProjectSection(ProjectDependencies) = postProject
		{A9CDA212-241B-496B-A25E-77C910B02194} = {A9CDA212-241B-496B-A25E-77C910B02194}
		{F4BA0499-EFC3-4D6A-B7F3-FFC408297B4D} = {F4BA0499-EFC3-4D6A-B7F3-FFC408297B4D}
		{EA73C8E3-E8E0-4457-8E79-4BE3BAFE03DC} = {EA73C8E3-E8E0-4457-8E79-4BE3BAFE03DC}
		{6505BAE5-AE3A-4FAC-816A-6D0C68790848} = {6505BAE5-AE3A-4FAC-816A-6D0C68790848}
		{DC40D1EE-8AEF-47C2-BBBF-94F704F332FA} = {DC40D1EE-8AEF-47C2-BBBF-94F704F332FA}
		{2E8D60F4-9A23-4377-810E-327CFB7F3F99} = {2E8D60F4-9A23-4377-810E-327CFB7F3F99}
	EndProjectSection
EndProject
Project("{F184B08F-C81C-45F6-A57F-5ABD9991F28F}") = "CommonEXT", "CommonEXT\CommonEXT.vbproj", "{EA73C8E3-E8E0-4457-8E79-4BE3BAFE03DC}"
EndProject
Project("{F184B08F-C81C-45F6-A57F-5ABD9991F28F}") = "EXTM", "EXTM\EXTM.vbproj", "{2E8D60F4-9A23-4377-810E-327CFB7F3F99}"
EndProject
Project("{F184B08F-C81C-45F6-A57F-5ABD9991F28F}") = "EXTY", "EXTY\EXTY.vbproj", "{F4BA0499-EFC3-4D6A-B7F3-FFC408297B4D}"
	ProjectSection(ProjectDependencies) = postProject
		{A9CDA212-241B-496B-A25E-77C910B02194} = {A9CDA212-241B-496B-A25E-77C910B02194}
		{6505BAE5-AE3A-4FAC-816A-6D0C68790848} = {6505BAE5-AE3A-4FAC-816A-6D0C68790848}
		{DC40D1EE-8AEF-47C2-BBBF-94F704F332FA} = {DC40D1EE-8AEF-47C2-BBBF-94F704F332FA}
	EndProjectSection
EndProject
Project("{F184B08F-C81C-45F6-A57F-5ABD9991F28F}") = "EXTZ", "EXTZ\EXTZ.vbproj", "{DC40D1EE-8AEF-47C2-BBBF-94F704F332FA}"
	ProjectSection(ProjectDependencies) = postProject
		{EA73C8E3-E8E0-4457-8E79-4BE3BAFE03DC} = {EA73C8E3-E8E0-4457-8E79-4BE3BAFE03DC}
	EndProjectSection
EndProject
Project("{F184B08F-C81C-45F6-A57F-5ABD9991F28F}") = "EXTC", "EXTC\EXTC.vbproj", "{A9CDA212-241B-496B-A25E-77C910B02194}"
EndProject
Project("{F184B08F-C81C-45F6-A57F-5ABD9991F28F}") = "EXTB", "EXTB\EXTB.vbproj", "{6505BAE5-AE3A-4FAC-816A-6D0C68790848}"
EndProject
Global
	GlobalSection(SubversionScc) = preSolution
		Svn-Managed = True
		Manager = AnkhSVN - Subversion Support for Visual Studio
	EndGlobalSection
	GlobalSection(SolutionConfigurationPlatforms) = preSolution
		Debug|Any CPU = Debug|Any CPU
		Release|Any CPU = Release|Any CPU
	EndGlobalSection
	GlobalSection(ProjectConfigurationPlatforms) = postSolution
		{D009F710-5D2C-48C0-AA2D-326C14E35B28}.Debug|Any CPU.ActiveCfg = Debug|Any CPU
		{D009F710-5D2C-48C0-AA2D-326C14E35B28}.Debug|Any CPU.Build.0 = Debug|Any CPU
		{D009F710-5D2C-48C0-AA2D-326C14E35B28}.Release|Any CPU.ActiveCfg = Release|Any CPU
		{D009F710-5D2C-48C0-AA2D-326C14E35B28}.Release|Any CPU.Build.0 = Release|Any CPU
		{EA73C8E3-E8E0-4457-8E79-4BE3BAFE03DC}.Debug|Any CPU.ActiveCfg = Debug|Any CPU
		{EA73C8E3-E8E0-4457-8E79-4BE3BAFE03DC}.Debug|Any CPU.Build.0 = Debug|Any CPU
		{EA73C8E3-E8E0-4457-8E79-4BE3BAFE03DC}.Release|Any CPU.ActiveCfg = Release|Any CPU
		{EA73C8E3-E8E0-4457-8E79-4BE3BAFE03DC}.Release|Any CPU.Build.0 = Release|Any CPU
		{2E8D60F4-9A23-4377-810E-327CFB7F3F99}.Debug|Any CPU.ActiveCfg = Debug|Any CPU
		{2E8D60F4-9A23-4377-810E-327CFB7F3F99}.Debug|Any CPU.Build.0 = Debug|Any CPU
		{2E8D60F4-9A23-4377-810E-327CFB7F3F99}.Release|Any CPU.ActiveCfg = Release|Any CPU
		{2E8D60F4-9A23-4377-810E-327CFB7F3F99}.Release|Any CPU.Build.0 = Release|Any CPU
		{F4BA0499-EFC3-4D6A-B7F3-FFC408297B4D}.Debug|Any CPU.ActiveCfg = Debug|Any CPU
		{F4BA0499-EFC3-4D6A-B7F3-FFC408297B4D}.Debug|Any CPU.Build.0 = Debug|Any CPU
		{F4BA0499-EFC3-4D6A-B7F3-FFC408297B4D}.Release|Any CPU.ActiveCfg = Release|Any CPU
		{F4BA0499-EFC3-4D6A-B7F3-FFC408297B4D}.Release|Any CPU.Build.0 = Release|Any CPU
		{DC40D1EE-8AEF-47C2-BBBF-94F704F332FA}.Debug|Any CPU.ActiveCfg = Debug|Any CPU
		{DC40D1EE-8AEF-47C2-BBBF-94F704F332FA}.Debug|Any CPU.Build.0 = Debug|Any CPU
		{DC40D1EE-8AEF-47C2-BBBF-94F704F332FA}.Release|Any CPU.ActiveCfg = Release|Any CPU
		{DC40D1EE-8AEF-47C2-BBBF-94F704F332FA}.Release|Any CPU.Build.0 = Release|Any CPU
		{A9CDA212-241B-496B-A25E-77C910B02194}.Debug|Any CPU.ActiveCfg = Debug|Any CPU
		{A9CDA212-241B-496B-A25E-77C910B02194}.Debug|Any CPU.Build.0 = Debug|Any CPU
		{A9CDA212-241B-496B-A25E-77C910B02194}.Release|Any CPU.ActiveCfg = Release|Any CPU
		{A9CDA212-241B-496B-A25E-77C910B02194}.Release|Any CPU.Build.0 = Release|Any CPU
		{6505BAE5-AE3A-4FAC-816A-6D0C68790848}.Debug|Any CPU.ActiveCfg = Debug|Any CPU
		{6505BAE5-AE3A-4FAC-816A-6D0C68790848}.Debug|Any CPU.Build.0 = Debug|Any CPU
		{6505BAE5-AE3A-4FAC-816A-6D0C68790848}.Release|Any CPU.ActiveCfg = Release|Any CPU
		{6505BAE5-AE3A-4FAC-816A-6D0C68790848}.Release|Any CPU.Build.0 = Release|Any CPU
	EndGlobalSection
	GlobalSection(SolutionProperties) = preSolution
		HideSolutionNode = FALSE
	EndGlobalSection
EndGlobal
